// !$*UTF8*$!
{
	archiveVersion = 1;
	classes = {
	};
	objectVersion = 56;
	objects = {

/* Begin PBXBuildFile section */
		1A7C5DEB2F036255009BE8EC /* TimeTracker2App.swift in Sources */ = {isa = PBXBuildFile; fileRef = 1A7C5DEA2F036255009BE8EC /* TimeTracker2App.swift */; };
		1A7C5DED2F036255009BE8EC /* ContentView.swift in Sources */ = {isa = PBXBuildFile; fileRef = 1A7C5DEC2F036255009BE8EC /* ContentView.swift */; };
		1A7C5DEF2F036258009BE8EC /* Assets.xcassets in Resources */ = {isa = PBXBuildFile; fileRef = 1A7C5DEE2F036258009BE8EC /* Assets.xcassets */; };
		1A7C5DF22F036258009BE8EC /* Preview Assets.xcassets in Resources */ = {isa = PBXBuildFile; fileRef = 1A7C5DF12F036258009BE8EC /* Preview Assets.xcassets */; };
		1A7C5DFC2F036258009BE8EC /* TimeTracker2Tests.swift in Sources */ = {isa = PBXBuildFile; fileRef = 1A7C5DFB2F036258009BE8EC /* TimeTracker2Tests.swift */; };
		1A7C5E062F036259009BE8EC /* TimeTracker2UITests.swift in Sources */ = {isa = PBXBuildFile; fileRef = 1A7C5E052F036259009BE8EC /* TimeTracker2UITests.swift */; };
		1A7C5E082F036259009BE8EC /* TimeTracker2UITestsLaunchTests.swift in Sources */ = {isa = PBXBuildFile; fileRef = 1A7C5E072F036259009BE8EC /* TimeTracker2UITestsLaunchTests.swift */; };
		1A7C5E152F036B83009BE8EC /* ContentView.swift in Sources */ = {isa = PBXBuildFile; fileRef = 1A7C5DEC2F036255009BE8EC /* ContentView.swift */; };
/* End PBXBuildFile section */

/* Begin PBXContainerItemProxy section */
		1A7C5DF82F036258009BE8EC /* PBXContainerItemProxy */ = {
			isa = PBXContainerItemProxy;
			containerPortal = 1A7C5DDF2F036255009BE8EC /* Project object */;
			proxyType = 1;
			remoteGlobalIDString = 1A7C5DE62F036255009BE8EC;
			remoteInfo = TimeTracker2;
		};
		1A7C5E022F036259009BE8EC /* PBXContainerItemProxy */ = {
			isa = PBXContainerItemProxy;
			containerPortal = 1A7C5DDF2F036255009BE8EC /* Project object */;
			proxyType = 1;
			remoteGlobalIDString = 1A7C5DE62F036255009BE8EC;
			remoteInfo = TimeTracker2;
		};
/* End PBXContainerItemProxy section */

/* Begin PBXFileReference section */
		1A7C5DE72F036255009BE8EC /* TimeTracker2.app */ = {isa = PBXFileReference; explicitFileType = wrapper.application; includeInIndex = 0; path = TimeTracker2.app; sourceTree = BUILT_PRODUCTS_DIR; };
		1A7C5DEA2F036255009BE8EC /* TimeTracker2App.swift */ = {isa = PBXFileReference; lastKnownFileType = sourcecode.swift; path = TimeTracker2App.swift; sourceTree = "<group>"; };
		1A7C5DEC2F036255009BE8EC /* ContentView.swift */ = {isa = PBXFileReference; lastKnownFileType = sourcecode.swift; path = ContentView.swift; sourceTree = "<group>"; };
		1A7C5DEE2F036258009BE8EC /* Assets.xcassets */ = {isa = PBXFileReference; lastKnownFileType = folder.assetcatalog; path = Assets.xcassets; sourceTree = "<group>"; };
		1A7C5DF12F036258009BE8EC /* Preview Assets.xcassets */ = {isa = PBXFileReference; lastKnownFileType = folder.assetcatalog; path = "Preview Assets.xcassets"; sourceTree = "<group>"; };
		1A7C5DF72F036258009BE8EC /* TimeTracker2Tests.xctest */ = {isa = PBXFileReference; explicitFileType = wrapper.cfbundle; includeInIndex = 0; path = TimeTracker2Tests.xctest; sourceTree = BUILT_PRODUCTS_DIR; };
		1A7C5DFB2F036258009BE8EC /* TimeTracker2Tests.swift */ = {isa = PBXFileReference; lastKnownFileType = sourcecode.swift; path = TimeTracker2Tests.swift; sourceTree = "<group>"; };
		1A7C5E012F036259009BE8EC /* TimeTracker2UITests.xctest */ = {isa = PBXFileReference; explicitFileType = wrapper.cfbundle; includeInIndex = 0; path = TimeTracker2UITests.xctest; sourceTree = BUILT_PRODUCTS_DIR; };
		1A7C5E052F036259009BE8EC /* TimeTracker2UITests.swift */ = {isa = PBXFileReference; lastKnownFileType = sourcecode.swift; path = TimeTracker2UITests.swift; sourceTree = "<group>"; };
		1A7C5E072F036259009BE8EC /* TimeTracker2UITestsLaunchTests.swift */ = {isa = PBXFileReference; lastKnownFileType = sourcecode.swift; path = TimeTracker2UITestsLaunchTests.swift; sourceTree = "<group>"; };
/* End PBXFileReference section */

/* Begin PBXFrameworksBuildPhase section */
		1A7C5DE42F036255009BE8EC /* Frameworks */ = {
			isa = PBXFrameworksBuildPhase;
			buildActionMask = 2147483647;
			files = (
			);
			runOnlyForDeploymentPostprocessing = 0;
		};
		1A7C5DF42F036258009BE8EC /* Frameworks */ = {
			isa = PBXFrameworksBuildPhase;
			buildActionMask = 2147483647;
			files = (
			);
			runOnlyForDeploymentPostprocessing = 0;
		};
		1A7C5DFE2F036259009BE8EC /* Frameworks */ = {
			isa = PBXFrameworksBuildPhase;
			buildActionMask = 2147483647;
			files = (
			);
			runOnlyForDeploymentPostprocessing = 0;
		};
/* End PBXFrameworksBuildPhase section */

/* Begin PBXGroup section */
		1A7C5DDE2F036255009BE8EC = {
			isa = PBXGroup;
			children = (
				1A7C5DE92F036255009BE8EC /* TimeTracker2 */,
				1A7C5DFA2F036258009BE8EC /* TimeTracker2Tests */,
				1A7C5E042F036259009BE8EC /* TimeTracker2UITests */,
				1A7C5DE82F036255009BE8EC /* Products */,
			);
			sourceTree = "<group>";
		};
		1A7C5DE82F036255009BE8EC /* Products */ = {
			isa = PBXGroup;
			children = (
				1A7C5DE72F036255009BE8EC /* TimeTracker2.app */,
				1A7C5DF72F036258009BE8EC /* TimeTracker2Tests.xctest */,
				1A7C5E012F036259009BE8EC /* TimeTracker2UITests.xctest */,
			);
			name = Products;
			sourceTree = "<group>";
		};
		1A7C5DE92F036255009BE8EC /* TimeTracker2 */ = {
			isa = PBXGroup;
			children = (
				1A7C5DEA2F036255009BE8EC /* TimeTracker2App.swift */,
				1A7C5DEC2F036255009BE8EC /* ContentView.swift */,
				1A7C5DEE2F036258009BE8EC /* Assets.xcassets */,
				1A7C5DF02F036258009BE8EC /* Preview Content */,
			);
			path = TimeTracker2;
			sourceTree = "<group>";
		};
		1A7C5DF02F036258009BE8EC /* Preview Content */ = {
			isa = PBXGroup;
			children = (
				1A7C5DF12F036258009BE8EC /* Preview Assets.xcassets */,
			);
			path = "Preview Content";
			sourceTree = "<group>";
		};
		1A7C5DFA2F036258009BE8EC /* TimeTracker2Tests */ = {
			isa = PBXGroup;
			children = (
				1A7C5DFB2F036258009BE8EC /* TimeTracker2Tests.swift */,
			);
			path = TimeTracker2Tests;
			sourceTree = "<group>";
		};
		1A7C5E042F036259009BE8EC /* TimeTracker2UITests */ = {
			isa = PBXGroup;
			children = (
				1A7C5E052F036259009BE8EC /* TimeTracker2UITests.swift */,
				1A7C5E072F036259009BE8EC /* TimeTracker2UITestsLaunchTests.swift */,
			);
			path = TimeTracker2UITests;
			sourceTree = "<group>";
		};
/* End PBXGroup section */

/* Begin PBXNativeTarget section */
		1A7C5DE62F036255009BE8EC /* TimeTracker2 */ = {
			isa = PBXNativeTarget;
			buildConfigurationList = 1A7C5E0B2F036259009BE8EC /* Build configuration list for PBXNativeTarget "TimeTracker2" */;
			buildPhases = (
				1A7C5DE32F036255009BE8EC /* Sources */,
				1A7C5DE42F036255009BE8EC /* Frameworks */,
				1A7C5DE52F036255009BE8EC /* Resources */,
			);
			buildRules = (
			);
			dependencies = (
			);
			name = TimeTracker2;
			productName = TimeTracker2;
			productReference = 1A7C5DE72F036255009BE8EC /* TimeTracker2.app */;
			productType = "com.apple.product-type.application";
		};
		1A7C5DF62F036258009BE8EC /* TimeTracker2Tests */ = {
			isa = PBXNativeTarget;
			buildConfigurationList = 1A7C5E0E2F036259009BE8EC /* Build configuration list for PBXNativeTarget "TimeTracker2Tests" */;
			buildPhases = (
				1A7C5DF32F036258009BE8EC /* Sources */,
				1A7C5DF42F036258009BE8EC /* Frameworks */,
				1A7C5DF52F036258009BE8EC /* Resources */,
			);
			buildRules = (
			);
			dependencies = (
				1A7C5DF92F036258009BE8EC /* PBXTargetDependency */,
			);
			name = TimeTracker2Tests;
			productName = TimeTracker2Tests;
			productReference = 1A7C5DF72F036258009BE8EC /* TimeTracker2Tests.xctest */;
			productType = "com.apple.product-type.bundle.unit-test";
		};
		1A7C5E002F036259009BE8EC /* TimeTracker2UITests */ = {
			isa = PBXNativeTarget;
			buildConfigurationList = 1A7C5E112F036259009BE8EC /* Build configuration list for PBXNativeTarget "TimeTracker2UITests" */;
			buildPhases = (
				1A7C5DFD2F036259009BE8EC /* Sources */,
				1A7C5DFE2F036259009BE8EC /* Frameworks */,
				1A7C5DFF2F036259009BE8EC /* Resources */,
			);
			buildRules = (
			);
			dependencies = (
				1A7C5E032F036259009BE8EC /* PBXTargetDependency */,
			);
			name = TimeTracker2UITests;
			productName = TimeTracker2UITests;
			productReference = 1A7C5E012F036259009BE8EC /* TimeTracker2UITests.xctest */;
			productType = "com.apple.product-type.bundle.ui-testing";
		};
/* End PBXNativeTarget section */

/* Begin PBXProject section */
		1A7C5DDF2F036255009BE8EC /* Project object */ = {
			isa = PBXProject;
			attributes = {
				BuildIndependentTargetsInParallel = 1;
				LastSwiftUpdateCheck = 1410;
				LastUpgradeCheck = 1410;
				TargetAttributes = {
					1A7C5DE62F036255009BE8EC = {
						CreatedOnToolsVersion = 14.1;
					};
					1A7C5DF62F036258009BE8EC = {
						CreatedOnToolsVersion = 14.1;
						TestTargetID = 1A7C5DE62F036255009BE8EC;
					};
					1A7C5E002F036259009BE8EC = {
						CreatedOnToolsVersion = 14.1;
						TestTargetID = 1A7C5DE62F036255009BE8EC;
					};
				};
			};
			buildConfigurationList = 1A7C5DE22F036255009BE8EC /* Build configuration list for PBXProject "TimeTracker2" */;
			compatibilityVersion = "Xcode 14.0";
			developmentRegion = en;
			hasScannedForEncodings = 0;
			knownRegions = (
				en,
				Base,
			);
			mainGroup = 1A7C5DDE2F036255009BE8EC;
			productRefGroup = 1A7C5DE82F036255009BE8EC /* Products */;
			projectDirPath = "";
			projectRoot = "";
			targets = (
				1A7C5DE62F036255009BE8EC /* TimeTracker2 */,
				1A7C5DF62F036258009BE8EC /* TimeTracker2Tests */,
				1A7C5E002F036259009BE8EC /* TimeTracker2UITests */,
			);
		};
/* End PBXProject section */

/* Begin PBXResourcesBuildPhase section */
		1A7C5DE52F036255009BE8EC /* Resources */ = {
			isa = PBXResourcesBuildPhase;
			buildActionMask = 2147483647;
			files = (
				1A7C5DF22F036258009BE8EC /* Preview Assets.xcassets in Resources */,
				1A7C5DEF2F036258009BE8EC /* Assets.xcassets in Resources */,
			);
			runOnlyForDeploymentPostprocessing = 0;
		};
		1A7C5DF52F036258009BE8EC /* Resources */ = {
			isa = PBXResourcesBuildPhase;
			buildActionMask = 2147483647;
			files = (
			);
			runOnlyForDeploymentPostprocessing = 0;
		};
		1A7C5DFF2F036259009BE8EC /* Resources */ = {
			isa = PBXResourcesBuildPhase;
			buildActionMask = 2147483647;
			files = (
			);
			runOnlyForDeploymentPostprocessing = 0;
		};
/* End PBXResourcesBuildPhase section */

/* Begin PBXSourcesBuildPhase section */
		1A7C5DE32F036255009BE8EC /* Sources */ = {
			isa = PBXSourcesBuildPhase;
			buildActionMask = 2147483647;
			files = (
				1A7C5DED2F036255009BE8EC /* ContentView.swift in Sources */,
				1A7C5DEB2F036255009BE8EC /* TimeTracker2App.swift in Sources */,
			);
			runOnlyForDeploymentPostprocessing = 0;
		};
		1A7C5DF32F036258009BE8EC /* Sources */ = {
			isa = PBXSourcesBuildPhase;
			buildActionMask = 2147483647;
			files = (
				1A7C5E152F036B83009BE8EC /* ContentView.swift in Sources */,
				1A7C5DFC2F036258009BE8EC /* TimeTracker2Tests.swift in Sources */,
			);
			runOnlyForDeploymentPostprocessing = 0;
		};
		1A7C5DFD2F036259009BE8EC /* Sources */ = {
			isa = PBXSourcesBuildPhase;
			buildActionMask = 2147483647;
			files = (
				1A7C5E062F036259009BE8EC /* TimeTracker2UITests.swift in Sources */,
				1A7C5E082F036259009BE8EC /* TimeTracker2UITestsLaunchTests.swift in Sources */,
			);
			runOnlyForDeploymentPostprocessing = 0;
		};
/* End PBXSourcesBuildPhase section */

/* Begin PBXTargetDependency section */
		1A7C5DF92F036258009BE8EC /* PBXTargetDependency */ = {
			isa = PBXTargetDependency;
			target = 1A7C5DE62F036255009BE8EC /* TimeTracker2 */;
			targetProxy = 1A7C5DF82F036258009BE8EC /* PBXContainerItemProxy */;
		};
		1A7C5E032F036259009BE8EC /* PBXTargetDependency */ = {
			isa = PBXTargetDependency;
			target = 1A7C5DE62F036255009BE8EC /* TimeTracker2 */;
			targetProxy = 1A7C5E022F036259009BE8EC /* PBXContainerItemProxy */;
		};
/* End PBXTargetDependency section */

/* Begin XCBuildConfiguration section */
		1A7C5E092F036259009BE8EC /* Debug */ = {
			isa = XCBuildConfiguration;
			buildSettings = {
				ALWAYS_SEARCH_USER_PATHS = NO;
				CLANG_ANALYZER_NONNULL = YES;
				CLANG_ANALYZER_NUMBER_OBJECT_CONVERSION = YES_AGGRESSIVE;
				CLANG_CXX_LANGUAGE_STANDARD = "gnu++20";
				CLANG_ENABLE_MODULES = YES;
				CLANG_ENABLE_OBJC_ARC = YES;
				CLANG_ENABLE_OBJC_WEAK = YES;
				CLANG_WARN_BLOCK_CAPTURE_AUTORELEASING = YES;
				CLANG_WARN_BOOL_CONVERSION = YES;
				CLANG_WARN_COMMA = YES;
				CLANG_WARN_CONSTANT_CONVERSION = YES;
				CLANG_WARN_DEPRECATED_OBJC_IMPLEMENTATIONS = YES;
				CLANG_WARN_DIRECT_OBJC_ISA_USAGE = YES_ERROR;
				CLANG_WARN_DOCUMENTATION_COMMENTS = YES;
				CLANG_WARN_EMPTY_BODY = YES;
				CLANG_WARN_ENUM_CONVERSION = YES;
				CLANG_WARN_INFINITE_RECURSION = YES;
				CLANG_WARN_INT_CONVERSION = YES;
				CLANG_WARN_NON_LITERAL_NULL_CONVERSION = YES;
				CLANG_WARN_OBJC_IMPLICIT_RETAIN_SELF = YES;
				CLANG_WARN_OBJC_LITERAL_CONVERSION = YES;
				CLANG_WARN_OBJC_ROOT_CLASS = YES_ERROR;
				CLANG_WARN_QUOTED_INCLUDE_IN_FRAMEWORK_HEADER = YES;
				CLANG_WARN_RANGE_LOOP_ANALYSIS = YES;
				CLANG_WARN_STRICT_PROTOTYPES = YES;
				CLANG_WARN_SUSPICIOUS_MOVE = YES;
				CLANG_WARN_UNGUARDED_AVAILABILITY = YES_AGGRESSIVE;
				CLANG_WARN_UNREACHABLE_CODE = YES;
				CLANG_WARN__DUPLICATE_METHOD_MATCH = YES;
				COPY_PHASE_STRIP = NO;
				DEBUG_INFORMATION_FORMAT = dwarf;
				ENABLE_STRICT_OBJC_MSGSEND = YES;
				ENABLE_TESTABILITY = YES;
				GCC_C_LANGUAGE_STANDARD = gnu11;
				GCC_DYNAMIC_NO_PIC = NO;
				GCC_NO_COMMON_BLOCKS = YES;
				GCC_OPTIMIZATION_LEVEL = 0;
				GCC_PREPROCESSOR_DEFINITIONS = (
					"DEBUG=1",
					"$(inherited)",
				);
				GCC_WARN_64_TO_32_BIT_CONVERSION = YES;
				GCC_WARN_ABOUT_RETURN_TYPE = YES_ERROR;
				GCC_WARN_UNDECLARED_SELECTOR = YES;
				GCC_WARN_UNINITIALIZED_AUTOS = YES_AGGRESSIVE;
				GCC_WARN_UNUSED_FUNCTION = YES;
				GCC_WARN_UNUSED_VARIABLE = YES;
				IPHONEOS_DEPLOYMENT_TARGET = 16.1;
				MTL_ENABLE_DEBUG_INFO = INCLUDE_SOURCE;
				MTL_FAST_MATH = YES;
				ONLY_ACTIVE_ARCH = YES;
				SDKROOT = iphoneos;
				SWIFT_ACTIVE_COMPILATION_CONDITIONS = DEBUG;
				SWIFT_OPTIMIZATION_LEVEL = "-Onone";
			};
			name = Debug;
		};
		1A7C5E0A2F036259009BE8EC /* Release */ = {
			isa = XCBuildConfiguration;
			buildSettings = {
				ALWAYS_SEARCH_USER_PATHS = NO;
				CLANG_ANALYZER_NONNULL = YES;
				CLANG_ANALYZER_NUMBER_OBJECT_CONVERSION = YES_AGGRESSIVE;
				CLANG_CXX_LANGUAGE_STANDARD = "gnu++20";
				CLANG_ENABLE_MODULES = YES;
				CLANG_ENABLE_OBJC_ARC = YES;
				CLANG_ENABLE_OBJC_WEAK = YES;
				CLANG_WARN_BLOCK_CAPTURE_AUTORELEASING = YES;
				CLANG_WARN_BOOL_CONVERSION = YES;
				CLANG_WARN_COMMA = YES;
				CLANG_WARN_CONSTANT_CONVERSION = YES;
				CLANG_WARN_DEPRECATED_OBJC_IMPLEMENTATIONS = YES;
				CLANG_WARN_DIRECT_OBJC_ISA_USAGE = YES_ERROR;
				CLANG_WARN_DOCUMENTATION_COMMENTS = YES;
				CLANG_WARN_EMPTY_BODY = YES;
				CLANG_WARN_ENUM_CONVERSION = YES;
				CLANG_WARN_INFINITE_RECURSION = YES;
				CLANG_WARN_INT_CONVERSION = YES;
				CLANG_WARN_NON_LITERAL_NULL_CONVERSION = YES;
				CLANG_WARN_OBJC_IMPLICIT_RETAIN_SELF = YES;
				CLANG_WARN_OBJC_LITERAL_CONVERSION = YES;
				CLANG_WARN_OBJC_ROOT_CLASS = YES_ERROR;
				CLANG_WARN_QUOTED_INCLUDE_IN_FRAMEWORK_HEADER = YES;
				CLANG_WARN_RANGE_LOOP_ANALYSIS = YES;
				CLANG_WARN_STRICT_PROTOTYPES = YES;
				CLANG_WARN_SUSPICIOUS_MOVE = YES;
				CLANG_WARN_UNGUARDED_AVAILABILITY = YES_AGGRESSIVE;
				CLANG_WARN_UNREACHABLE_CODE = YES;
				CLANG_WARN__DUPLICATE_METHOD_MATCH = YES;
				COPY_PHASE_STRIP = NO;
				DEBUG_INFORMATION_FORMAT = "dwarf-with-dsym";
				ENABLE_NS_ASSERTIONS = NO;
				ENABLE_STRICT_OBJC_MSGSEND = YES;
				GCC_C_LANGUAGE_STANDARD = gnu11;
				GCC_NO_COMMON_BLOCKS = YES;
				GCC_WARN_64_TO_32_BIT_CONVERSION = YES;
				GCC_WARN_ABOUT_RETURN_TYPE = YES_ERROR;
				GCC_WARN_UNDECLARED_SELECTOR = YES;
				GCC_WARN_UNINITIALIZED_AUTOS = YES_AGGRESSIVE;
				GCC_WARN_UNUSED_FUNCTION = YES;
				GCC_WARN_UNUSED_VARIABLE = YES;
				IPHONEOS_DEPLOYMENT_TARGET = 16.1;
				MTL_ENABLE_DEBUG_INFO = NO;
				MTL_FAST_MATH = YES;
				SDKROOT = iphoneos;
				SWIFT_COMPILATION_MODE = wholemodule;
				SWIFT_OPTIMIZATION_LEVEL = "-O";
				VALIDATE_PRODUCT = YES;
			};
			name = Release;
		};
		1A7C5E0C2F036259009BE8EC /* Debug */ = {
			isa = XCBuildConfiguration;
			buildSettings = {
				ASSETCATALOG_COMPILER_APPICON_NAME = AppIcon;
				ASSETCATALOG_COMPILER_GLOBAL_ACCENT_COLOR_NAME = AccentColor;
				CODE_SIGN_STYLE = Automatic;
				CURRENT_PROJECT_VERSION = 1;
				DEVELOPMENT_ASSET_PATHS = "\"TimeTracker2/Preview Content\"";
				ENABLE_PREVIEWS = YES;
				GENERATE_INFOPLIST_FILE = YES;
				INFOPLIST_KEY_UIApplicationSceneManifest_Generation = YES;
				INFOPLIST_KEY_UIApplicationSupportsIndirectInputEvents = YES;
				INFOPLIST_KEY_UILaunchScreen_Generation = YES;
				INFOPLIST_KEY_UISupportedInterfaceOrientations_iPad = "UIInterfaceOrientationPortrait UIInterfaceOrientationPortraitUpsideDown UIInterfaceOrientationLandscapeLeft UIInterfaceOrientationLandscapeRight";
				INFOPLIST_KEY_UISupportedInterfaceOrientations_iPhone = "UIInterfaceOrientationPortrait UIInterfaceOrientationLandscapeLeft UIInterfaceOrientationLandscapeRight";
				LD_RUNPATH_SEARCH_PATHS = (
					"$(inherited)",
					"@executable_path/Frameworks",
				);
				MARKETING_VERSION = 1.0;
				PRODUCT_BUNDLE_IDENTIFIER = com.szklennik.TimeTracker2;
				PRODUCT_NAME = "$(TARGET_NAME)";
				SWIFT_EMIT_LOC_STRINGS = YES;
				SWIFT_VERSION = 5.0;
				TARGETED_DEVICE_FAMILY = "1,2";
			};
			name = Debug;
		};
		1A7C5E0D2F036259009BE8EC /* Release */ = {
			isa = XCBuildConfiguration;
			buildSettings = {
				ASSETCATALOG_COMPILER_APPICON_NAME = AppIcon;
				ASSETCATALOG_COMPILER_GLOBAL_ACCENT_COLOR_NAME = AccentColor;
				CODE_SIGN_STYLE = Automatic;
				CURRENT_PROJECT_VERSION = 1;
				DEVELOPMENT_ASSET_PATHS = "\"TimeTracker2/Preview Content\"";
				ENABLE_PREVIEWS = YES;
				GENERATE_INFOPLIST_FILE = YES;
				INFOPLIST_KEY_UIApplicationSceneManifest_Generation = YES;
				INFOPLIST_KEY_UIApplicationSupportsIndirectInputEvents = YES;
				INFOPLIST_KEY_UILaunchScreen_Generation = YES;
				INFOPLIST_KEY_UISupportedInterfaceOrientations_iPad = "UIInterfaceOrientationPortrait UIInterfaceOrientationPortraitUpsideDown UIInterfaceOrientationLandscapeLeft UIInterfaceOrientationLandscapeRight";
				INFOPLIST_KEY_UISupportedInterfaceOrientations_iPhone = "UIInterfaceOrientationPortrait UIInterfaceOrientationLandscapeLeft UIInterfaceOrientationLandscapeRight";
				LD_RUNPATH_SEARCH_PATHS = (
					"$(inherited)",
					"@executable_path/Frameworks",
				);
				MARKETING_VERSION = 1.0;
				PRODUCT_BUNDLE_IDENTIFIER = com.szklennik.TimeTracker2;
				PRODUCT_NAME = "$(TARGET_NAME)";
				SWIFT_EMIT_LOC_STRINGS = YES;
				SWIFT_VERSION = 5.0;
				TARGETED_DEVICE_FAMILY = "1,2";
			};
			name = Release;
		};
		1A7C5E0F2F036259009BE8EC /* Debug */ = {
			isa = XCBuildConfiguration;
			buildSettings = {
				ALWAYS_EMBED_SWIFT_STANDARD_LIBRARIES = YES;
				BUNDLE_LOADER = "$(TEST_HOST)";
				CODE_SIGN_STYLE = Automatic;
				CURRENT_PROJECT_VERSION = 1;
				GENERATE_INFOPLIST_FILE = YES;
				IPHONEOS_DEPLOYMENT_TARGET = 16.1;
				MARKETING_VERSION = 1.0;
				PRODUCT_BUNDLE_IDENTIFIER = com.szklennik.TimeTracker2Tests;
				PRODUCT_NAME = "$(TARGET_NAME)";
				SWIFT_EMIT_LOC_STRINGS = NO;
				SWIFT_VERSION = 5.0;
				TARGETED_DEVICE_FAMILY = "1,2";
				TEST_HOST = "$(BUILT_PRODUCTS_DIR)/TimeTracker2.app/$(BUNDLE_EXECUTABLE_FOLDER_PATH)/TimeTracker2";
			};
			name = Debug;
		};
		1A7C5E102F036259009BE8EC /* Release */ = {
			isa = XCBuildConfiguration;
			buildSettings = {
				ALWAYS_EMBED_SWIFT_STANDARD_LIBRARIES = YES;
				BUNDLE_LOADER = "$(TEST_HOST)";
				CODE_SIGN_STYLE = Automatic;
				CURRENT_PROJECT_VERSION = 1;
				GENERATE_INFOPLIST_FILE = YES;
				IPHONEOS_DEPLOYMENT_TARGET = 16.1;
				MARKETING_VERSION = 1.0;
				PRODUCT_BUNDLE_IDENTIFIER = com.szklennik.TimeTracker2Tests;
				PRODUCT_NAME = "$(TARGET_NAME)";
				SWIFT_EMIT_LOC_STRINGS = NO;
				SWIFT_VERSION = 5.0;
				TARGETED_DEVICE_FAMILY = "1,2";
				TEST_HOST = "$(BUILT_PRODUCTS_DIR)/TimeTracker2.app/$(BUNDLE_EXECUTABLE_FOLDER_PATH)/TimeTracker2";
			};
			name = Release;
		};
		1A7C5E122F036259009BE8EC /* Debug */ = {
			isa = XCBuildConfiguration;
			buildSettings = {
				ALWAYS_EMBED_SWIFT_STANDARD_LIBRARIES = YES;
				CODE_SIGN_STYLE = Automatic;
				CURRENT_PROJECT_VERSION = 1;
				GENERATE_INFOPLIST_FILE = YES;
				MARKETING_VERSION = 1.0;
				PRODUCT_BUNDLE_IDENTIFIER = com.szklennik.TimeTracker2UITests;
				PRODUCT_NAME = "$(TARGET_NAME)";
				SWIFT_EMIT_LOC_STRINGS = NO;
				SWIFT_VERSION = 5.0;
				TARGETED_DEVICE_FAMILY = "1,2";
				TEST_TARGET_NAME = TimeTracker2;
			};
			name = Debug;
		};
		1A7C5E132F036259009BE8EC /* Release */ = {
			isa = XCBuildConfiguration;
			buildSettings = {
				ALWAYS_EMBED_SWIFT_STANDARD_LIBRARIES = YES;
				CODE_SIGN_STYLE = Automatic;
				CURRENT_PROJECT_VERSION = 1;
				GENERATE_INFOPLIST_FILE = YES;
				MARKETING_VERSION = 1.0;
				PRODUCT_BUNDLE_IDENTIFIER = com.szklennik.TimeTracker2UITests;
				PRODUCT_NAME = "$(TARGET_NAME)";
				SWIFT_EMIT_LOC_STRINGS = NO;
				SWIFT_VERSION = 5.0;
				TARGETED_DEVICE_FAMILY = "1,2";
				TEST_TARGET_NAME = TimeTracker2;
			};
			name = Release;
		};
/* End XCBuildConfiguration section */

/* Begin XCConfigurationList section */
		1A7C5DE22F036255009BE8EC /* Build configuration list for PBXProject "TimeTracker2" */ = {
			isa = XCConfigurationList;
			buildConfigurations = (
				1A7C5E092F036259009BE8EC /* Debug */,
				1A7C5E0A2F036259009BE8EC /* Release */,
			);
			defaultConfigurationIsVisible = 0;
			defaultConfigurationName = Release;
		};
		1A7C5E0B2F036259009BE8EC /* Build configuration list for PBXNativeTarget "TimeTracker2" */ = {
			isa = XCConfigurationList;
			buildConfigurations = (
				1A7C5E0C2F036259009BE8EC /* Debug */,
				1A7C5E0D2F036259009BE8EC /* Release */,
			);
			defaultConfigurationIsVisible = 0;
			defaultConfigurationName = Release;
		};
		1A7C5E0E2F036259009BE8EC /* Build configuration list for PBXNativeTarget "TimeTracker2Tests" */ = {
			isa = XCConfigurationList;
			buildConfigurations = (
				1A7C5E0F2F036259009BE8EC /* Debug */,
				1A7C5E102F036259009BE8EC /* Release */,
			);
			defaultConfigurationIsVisible = 0;
			defaultConfigurationName = Release;
		};
		1A7C5E112F036259009BE8EC /* Build configuration list for PBXNativeTarget "TimeTracker2UITests" */ = {
			isa = XCConfigurationList;
			buildConfigurations = (
				1A7C5E122F036259009BE8EC /* Debug */,
				1A7C5E132F036259009BE8EC /* Release */,
			);
			defaultConfigurationIsVisible = 0;
			defaultConfigurationName = Release;
		};
/* End XCConfigurationList section */
	};
	rootObject = 1A7C5DDF2F036255009BE8EC /* Project object */;
}
